
Microsoft Visual Studio Solution File, Format Version 12.00
Project("{FAE04EC0-301F-11D3-BF4B-00C04F79EFBC}") = "kolos2", "kolos2\kolos2.csproj", "{741368E2-E37B-47C6-9937-7B73073F117B}"
EndProject
Global
	GlobalSection(SolutionConfigurationPlatforms) = preSolution
		Debug|Any CPU = Debug|Any CPU
		Release|Any CPU = Release|Any CPU
	EndGlobalSection
	GlobalSection(ProjectConfigurationPlatforms) = postSolution
		{741368E2-E37B-47C6-9937-7B73073F117B}.Debug|Any CPU.ActiveCfg = Debug|Any CPU
		{741368E2-E37B-47C6-9937-7B73073F117B}.Debug|Any CPU.Build.0 = Debug|Any CPU
		{741368E2-E37B-47C6-9937-7B73073F117B}.Release|Any CPU.ActiveCfg = Release|Any CPU
		{741368E2-E37B-47C6-9937-7B73073F117B}.Release|Any CPU.Build.0 = Release|Any CPU
	EndGlobalSection
EndGlobal
